{
  "name": "somin-cloud-e2e",
  "version": "1.0.0",
  "lockfileVersion": 3,
  "requires": true,
  "packages": {
    "": {
      "name": "somin-cloud-e2e",
      "version": "1.0.0",
      "devDependencies": {
        "@playwright/test": "1.51.0",
        "@types/node": "22.10.0",
        "typescript": "5.7.3"
      }
    },
    "node_modules/@playwright/test": {
      "version": "1.51.0",
      "resolved": "https://registry.npmjs.org/@playwright/test/-/test-1.51.0.tgz",
      "integrity": "sha512-dJ0dMbZeHhI+wb77+ljx/FeC8VBP6j/rj9OAjoO08JI80wTZy6vRk9KvHKiDCUh4iMpEiseMgqRBIeW+eKX6RA==",
      "dev": true,
      "license": "Apache-2.0",
      "dependencies": {
        "playwright": "1.51.0"
      },
      "engines": {
        "node": ">=18"
      },
      "bin": {
        "playwright": "cli.js"
      }
    },
    "node_modules/@types/node": {
      "version": "22.10.0",
      "resolved": "https://registry.npmjs.org/@types/node/-/node-22.10.0.tgz",
      "integrity": "sha512-XC70cRZVElFHfIUB40FgZOBbgJYFKKMa5nb9lxcwYstFG/Mi+/Y0bGS+rs6Dmhmkpq4pnNiLiuZAbc02YCOnmA==",
      "dev": true,
      "license": "MIT"
    },
    "node_modules/playwright": {
      "version": "1.51.0",
      "resolved": "https://registry.npmjs.org/playwright/-/playwright-1.51.0.tgz",
      "integrity": "sha512-442pTfGM0xxfCYxuBa/Pu6B2OqxqqaYq39JS8QDMGThUvIOCd6s0ANDog3uwA0cHavVlnTQzGCN7Id2YekDSXA==",
      "dev": true,
      "license": "Apache-2.0",
      "dependencies": {
        "playwright-core": "1.51.0"
      },
      "bin": {
        "playwright": "cli.js"
      },
      "engines": {
        "node": ">=18"
      }
    },
    "node_modules/playwright-core": {
      "version": "1.51.0",
      "resolved": "https://registry.npmjs.org/playwright-core/-/playwright-core-1.51.0.tgz",
      "integrity": "sha512-x47yPE3Zwhlil7wlNU/iktF7t2r/URR3VLbH6EknJd/04Qc/PSJ0EY3CMXipmglLG+zyRxW6HNo2EGbKLHPWMg==",
      "dev": true,
      "license": "Apache-2.0",
      "engines": {
        "node": ">=18"
      }
    },
    "node_modules/typescript": {
      "version": "5.7.3",
      "resolved": "https://registry.npmjs.org/typescript/-/typescript-5.7.3.tgz",
      "integrity": "sha512-84MVSjMEHP+FQRPy3pX9sTVV/INIex71s9TL2Gm5FG/WG1SqXeKyZ0k7/blY/4FdOzI12CBy1vGc4og/eus0fw==",
      "dev": true,
      "license": "Apache-2.0",
      "bin": {
        "tsc": "bin/tsc",
        "tsserver": "bin/tsserver"
      },
      "engines": {
        "node": ">=14.17"
      }
    }
  }
}
